
Microsoft Visual Studio Solution File, Format Version 12.00
# Visual Studio 15
VisualStudioVersion = 15.0.27703.2047
MinimumVisualStudioVersion = 10.0.40219.1
Project("{151D2E53-A2C4-4D7D-83FE-D05416EBD58E}") = "AzureResourceGroup2", "AzureResourceGroup2\AzureResourceGroup2.deployproj", "{81AA2A09-77C3-452E-8D67-71D4F47D65B7}"
EndProject
Global
	GlobalSection(SolutionConfigurationPlatforms) = preSolution
		Debug|Any CPU = Debug|Any CPU
		Release|Any CPU = Release|Any CPU
	EndGlobalSection
	GlobalSection(ProjectConfigurationPlatforms) = postSolution
		{81AA2A09-77C3-452E-8D67-71D4F47D65B7}.Debug|Any CPU.ActiveCfg = Debug|Any CPU
		{81AA2A09-77C3-452E-8D67-71D4F47D65B7}.Debug|Any CPU.Build.0 = Debug|Any CPU
		{81AA2A09-77C3-452E-8D67-71D4F47D65B7}.Release|Any CPU.ActiveCfg = Release|Any CPU
		{81AA2A09-77C3-452E-8D67-71D4F47D65B7}.Release|Any CPU.Build.0 = Release|Any CPU
	EndGlobalSection
	GlobalSection(SolutionProperties) = preSolution
		HideSolutionNode = FALSE
	EndGlobalSection
	GlobalSection(ExtensibilityGlobals) = postSolution
		SolutionGuid = {ED8F2AA6-6EDB-4660-9F98-B2A6A092C489}
	EndGlobalSection
EndGlobal
